
Microsoft Visual Studio Solution File, Format Version 12.00
# Visual Studio Version 17
VisualStudioVersion = 17.11.35312.102
MinimumVisualStudioVersion = 10.0.40219.1
Project("{FAE04EC0-301F-11D3-BF4B-00C04F79EFBC}") = "FIESP.Web", "FIESP.Web\FIESP.Web.csproj", "{B20C162F-199F-41D3-B9F1-4963EC24C1F5}"
EndProject
Project("{FAE04EC0-301F-11D3-BF4B-00C04F79EFBC}") = "FIESP.Data", "ClassLibrary1\FIESP.Data.csproj", "{66196A51-64C1-4A8D-A793-F83584D2604A}"
EndProject
Project("{FAE04EC0-301F-11D3-BF4B-00C04F79EFBC}") = "FIESP.Model", "FIESP.Model\FIESP.Model.csproj", "{31536709-D4C5-485A-8A20-4015B2847C31}"
EndProject
Project("{FAE04EC0-301F-11D3-BF4B-00C04F79EFBC}") = "FIESP.Negocio", "FIESP.Negocio\FIESP.Negocio.csproj", "{BDB319CD-B9EC-4358-BF4D-88A3DF346ACE}"
EndProject
Project("{FAE04EC0-301F-11D3-BF4B-00C04F79EFBC}") = "FIESP.Util", "FIESP.Util\FIESP.Util.csproj", "{572C7A92-B4A1-429C-AD70-25016A8A0C86}"
EndProject
Global
	GlobalSection(SolutionConfigurationPlatforms) = preSolution
		Debug|Any CPU = Debug|Any CPU
		Release|Any CPU = Release|Any CPU
	EndGlobalSection
	GlobalSection(ProjectConfigurationPlatforms) = postSolution
		{B20C162F-199F-41D3-B9F1-4963EC24C1F5}.Debug|Any CPU.ActiveCfg = Debug|Any CPU
		{B20C162F-199F-41D3-B9F1-4963EC24C1F5}.Debug|Any CPU.Build.0 = Debug|Any CPU
		{B20C162F-199F-41D3-B9F1-4963EC24C1F5}.Release|Any CPU.ActiveCfg = Release|Any CPU
		{B20C162F-199F-41D3-B9F1-4963EC24C1F5}.Release|Any CPU.Build.0 = Release|Any CPU
		{66196A51-64C1-4A8D-A793-F83584D2604A}.Debug|Any CPU.ActiveCfg = Debug|Any CPU
		{66196A51-64C1-4A8D-A793-F83584D2604A}.Debug|Any CPU.Build.0 = Debug|Any CPU
		{66196A51-64C1-4A8D-A793-F83584D2604A}.Release|Any CPU.ActiveCfg = Release|Any CPU
		{66196A51-64C1-4A8D-A793-F83584D2604A}.Release|Any CPU.Build.0 = Release|Any CPU
		{31536709-D4C5-485A-8A20-4015B2847C31}.Debug|Any CPU.ActiveCfg = Debug|Any CPU
		{31536709-D4C5-485A-8A20-4015B2847C31}.Debug|Any CPU.Build.0 = Debug|Any CPU
		{31536709-D4C5-485A-8A20-4015B2847C31}.Release|Any CPU.ActiveCfg = Release|Any CPU
		{31536709-D4C5-485A-8A20-4015B2847C31}.Release|Any CPU.Build.0 = Release|Any CPU
		{BDB319CD-B9EC-4358-BF4D-88A3DF346ACE}.Debug|Any CPU.ActiveCfg = Debug|Any CPU
		{BDB319CD-B9EC-4358-BF4D-88A3DF346ACE}.Debug|Any CPU.Build.0 = Debug|Any CPU
		{BDB319CD-B9EC-4358-BF4D-88A3DF346ACE}.Release|Any CPU.ActiveCfg = Release|Any CPU
		{BDB319CD-B9EC-4358-BF4D-88A3DF346ACE}.Release|Any CPU.Build.0 = Release|Any CPU
		{572C7A92-B4A1-429C-AD70-25016A8A0C86}.Debug|Any CPU.ActiveCfg = Debug|Any CPU
		{572C7A92-B4A1-429C-AD70-25016A8A0C86}.Debug|Any CPU.Build.0 = Debug|Any CPU
		{572C7A92-B4A1-429C-AD70-25016A8A0C86}.Release|Any CPU.ActiveCfg = Release|Any CPU
		{572C7A92-B4A1-429C-AD70-25016A8A0C86}.Release|Any CPU.Build.0 = Release|Any CPU
	EndGlobalSection
	GlobalSection(SolutionProperties) = preSolution
		HideSolutionNode = FALSE
	EndGlobalSection
	GlobalSection(ExtensibilityGlobals) = postSolution
		SolutionGuid = {77BDCB55-B804-46BF-9526-CF2BF032891E}
	EndGlobalSection
EndGlobal
